{
  "name": "nodebb",
  "version": "0.4.2",
  "dependencies": {
    "async": {
      "version": "0.2.10",
      "from": "async@~0.2.8"
    },
    "bcryptjs": {
      "version": "0.7.12",
      "from": "bcryptjs@~0.7.10"
    },
    "cron": {
      "version": "1.0.4",
      "from": "cron@~1.0.4"
    },
    "daemon": {
      "version": "1.1.0",
      "from": "daemon@~1.1.0"
    },
    "express": {
      "version": "3.2.0",
      "from": "express@3.2.0",
      "dependencies": {
        "connect": {
          "version": "2.7.6",
          "from": "connect@2.7.6",
          "dependencies": {
            "qs": {
              "version": "0.5.1",
              "from": "qs@0.5.1"
            },
            "formidable": {
              "version": "1.0.11",
              "from": "formidable@1.0.11"
            },
            "buffer-crc32": {
              "version": "0.1.1",
              "from": "buffer-crc32@0.1.1"
            },
            "bytes": {
              "version": "0.2.0",
              "from": "bytes@0.2.0"
            },
            "pause": {
              "version": "0.0.1",
              "from": "pause@0.0.1"
            }
          }
        },
        "commander": {
          "version": "0.6.1",
          "from": "commander@0.6.1"
        },
        "range-parser": {
          "version": "0.0.4",
          "from": "range-parser@0.0.4"
        },
        "cookie": {
          "version": "0.0.5",
          "from": "cookie@0.0.5"
        },
        "buffer-crc32": {
          "version": "0.2.1",
          "from": "buffer-crc32@~0.2.1"
        },
        "fresh": {
          "version": "0.1.0",
          "from": "fresh@0.1.0"
        },
        "methods": {
          "version": "0.0.1",
          "from": "methods@0.0.1"
        },
        "send": {
          "version": "0.1.0",
          "from": "send@0.1.0",
          "dependencies": {
            "mime": {
              "version": "1.2.6",
              "from": "mime@1.2.6"
            }
          }
        },
        "cookie-signature": {
          "version": "1.0.1",
          "from": "cookie-signature@1.0.1"
        },
        "debug": {
          "version": "0.8.1",
          "from": "debug@*"
        }
      }
    },
    "express-namespace": {
      "version": "0.1.1",
      "from": "express-namespace@~0.1.1",
      "dependencies": {
        "methods": {
          "version": "0.0.1",
          "from": "methods@0.0.1"
        }
      }
    },
    "gm": {
      "version": "1.14.2",
      "from": "gm@1.14.2",
      "dependencies": {
        "debug": {
          "version": "0.7.0",
          "from": "debug@0.7.0"
        },
        "array-series": {
          "version": "0.1.5",
          "from": "array-series@~0.1.0"
        },
        "array-parallel": {
          "version": "0.1.3",
          "from": "array-parallel@~0.1.0"
        },
        "stream-to-buffer": {
          "version": "0.0.1",
          "from": "stream-to-buffer@~0.0.1"
        },
        "through": {
          "version": "2.3.4",
          "from": "through@~2.3.1"
        }
      }
    },
    "gravatar": {
      "version": "1.0.6",
      "from": "gravatar@1.0.6"
    },
    "less": {
      "version": "1.6.3",
      "from": "less@~1.6.3",
      "dependencies": {
        "mime": {
          "version": "1.2.11",
          "from": "mime@1.2.x"
        },
        "clean-css": {
          "version": "2.0.8",
          "from": "clean-css@2.0.x",
          "dependencies": {
            "commander": {
              "version": "2.0.0",
              "from": "commander@2.0.x"
            }
          }
        },
        "source-map": {
          "version": "0.1.33",
          "from": "source-map@0.1.x",
          "dependencies": {
            "amdefine": {
              "version": "0.1.0",
              "from": "amdefine@>=0.0.4"
            }
          }
        }
      }
    },
    "marked": {
      "version": "0.2.8",
      "from": "marked@0.2.8"
    },
    "mkdirp": {
      "version": "0.3.5",
      "from": "mkdirp@~0.3.5"
    },
    "nconf": {
      "version": "0.6.9",
      "from": "nconf@~0.6.7",
      "dependencies": {
        "async": {
          "version": "0.2.9",
          "from": "async@0.2.9"
        },
        "ini": {
          "version": "1.1.0",
          "from": "ini@1.x.x"
        },
        "optimist": {
          "version": "0.6.0",
          "from": "optimist@0.6.0",
          "dependencies": {
            "wordwrap": {
              "version": "0.0.2",
              "from": "wordwrap@~0.0.2"
            },
            "minimist": {
              "version": "0.0.8",
              "from": "minimist@~0.0.1"
            }
          }
        }
      }
    },
    "nodebb-plugin-dbsearch": {
      "version": "0.0.9",
      "from": "nodebb-plugin-dbsearch@0.0.9"
    },
    "nodebb-plugin-markdown": {
      "version": "0.4.1",
      "from": "nodebb-plugin-markdown@~0.4.1",
      "dependencies": {
        "marked": {
          "version": "0.2.10",
          "from": "marked@~0.2.9"
        },
        "pygmentize-bundled": {
          "version": "2.1.1",
          "from": "pygmentize-bundled@~2.1.0",
          "dependencies": {
            "readable-stream": {
              "version": "1.0.27-1",
              "from": "readable-stream@~1.0.17",
              "dependencies": {
                "core-util-is": {
                  "version": "1.0.1",
                  "from": "core-util-is@~1.0.0"
                },
                "isarray": {
                  "version": "0.0.1",
                  "from": "isarray@0.0.1"
                },
                "string_decoder": {
                  "version": "0.10.25-1",
                  "from": "string_decoder@~0.10.x"
                },
                "inherits": {
                  "version": "2.0.1",
                  "from": "inherits@~2.0.1"
                }
              }
            },
            "bl": {
              "version": "0.4.2",
              "from": "bl@~0.4.1"
            },
            "through2": {
              "version": "0.2.3",
              "from": "through2@~0.2.1",
              "dependencies": {
                "readable-stream": {
                  "version": "1.1.13-1",
                  "from": "readable-stream@~1.1.9",
                  "dependencies": {
                    "core-util-is": {
                      "version": "1.0.1",
                      "from": "core-util-is@~1.0.0"
                    },
                    "isarray": {
                      "version": "0.0.1",
                      "from": "isarray@0.0.1"
                    },
                    "string_decoder": {
                      "version": "0.10.25-1",
                      "from": "string_decoder@~0.10.x"
                    },
                    "inherits": {
                      "version": "2.0.1",
                      "from": "inherits@~2.0.1"
                    }
                  }
                },
                "xtend": {
                  "version": "2.1.2",
                  "from": "xtend@~2.1.1",
                  "dependencies": {
                    "object-keys": {
                      "version": "0.4.0",
                      "from": "object-keys@~0.4.0"
                    }
                  }
                }
              }
            }
          }
        }
      }
    },
    "nodebb-plugin-mentions": {
      "version": "0.4.1-2",
      "from": "nodebb-plugin-mentions@~0.4.0"
    },
    "nodebb-plugin-soundpack-default": {
      "version": "0.1.1",
      "from": "nodebb-plugin-soundpack-default@~0.1.1"
    },
    "nodebb-theme-lavender": {
      "version": "0.0.25-12",
      "from": "nodebb-theme-lavender@~0.0.25"
    },
    "nodebb-theme-vanilla": {
      "version": "0.0.19-35",
      "from": "nodebb-theme-vanilla@~0.0.19"
    },
    "nodebb-widget-essentials": {
      "version": "0.0.21-8",
      "from": "nodebb-widget-essentials@~0.0.21",
      "dependencies": {
        "marked": {
          "version": "0.3.2",
          "from": "marked@^0.3.2"
        }
      }
    },
    "npm": {
      "version": "1.4.9",
      "from": "npm@^1.4.6",
      "dependencies": {
        "abbrev": {
          "version": "1.0.4",
          "from": "abbrev@latest"
        },
        "ansi": {
          "version": "0.2.1",
          "from": "ansi@latest",
          "resolved": "https://registry.npmjs.org/ansi/-/ansi-0.2.1.tgz"
        },
        "ansicolors": {
          "version": "0.3.2",
          "from": "ansicolors@latest"
        },
        "ansistyles": {
          "version": "0.1.3",
          "from": "ansistyles@0.1.3",
          "resolved": "https://registry.npmjs.org/ansistyles/-/ansistyles-0.1.3.tgz"
        },
        "archy": {
          "version": "0.0.2",
          "from": "archy@0.0.2"
        },
        "block-stream": {
          "version": "0.0.7",
          "from": "block-stream@latest"
        },
        "child-process-close": {
          "version": "0.1.1",
          "from": "child-process-close@",
          "resolved": "https://registry.npmjs.org/child-process-close/-/child-process-close-0.1.1.tgz"
        },
        "chmodr": {
          "version": "0.1.0",
          "from": "chmodr@latest"
        },
        "chownr": {
          "version": "0.0.1",
          "from": "../chownr"
        },
        "cmd-shim": {
          "version": "1.1.1",
          "from": "cmd-shim@latest",
          "resolved": "https://registry.npmjs.org/cmd-shim/-/cmd-shim-1.1.1.tgz"
        },
        "columnify": {
          "version": "0.1.2",
          "from": "columnify@0.1.2",
          "resolved": "https://registry.npmjs.org/columnify/-/columnify-0.1.2.tgz"
        },
        "editor": {
          "version": "0.0.5",
          "from": "editor@latest"
        },
        "fstream": {
          "version": "0.1.25",
          "from": "fstream@0.1.25",
          "resolved": "https://registry.npmjs.org/fstream/-/fstream-0.1.25.tgz"
        },
        "fstream-npm": {
          "version": "0.1.6",
          "from": "fstream-npm@latest",
          "dependencies": {
            "fstream-ignore": {
              "version": "0.0.7",
              "from": "fstream-ignore@~0.0.5",
              "resolved": "https://registry.npmjs.org/fstream-ignore/-/fstream-ignore-0.0.7.tgz"
            }
          }
        },
        "github-url-from-git": {
          "version": "1.1.1",
          "from": "github-url-from-git@1.1.1",
          "resolved": "https://registry.npmjs.org/github-url-from-git/-/github-url-from-git-1.1.1.tgz"
        },
        "github-url-from-username-repo": {
          "version": "0.1.0",
          "from": "github-url-from-username-repo@0.1.0",
          "resolved": "https://registry.npmjs.org/github-url-from-username-repo/-/github-url-from-username-repo-0.1.0.tgz"
        },
        "glob": {
          "version": "3.2.9",
          "from": "glob@latest"
        },
        "graceful-fs": {
          "version": "2.0.2",
          "from": "graceful-fs@latest"
        },
        "ini": {
          "version": "1.1.0",
          "from": "ini@latest"
        },
        "init-package-json": {
          "version": "0.0.16",
          "from": "init-package-json@latest",
          "dependencies": {
            "promzard": {
              "version": "0.2.1",
              "from": "promzard@~0.2.0",
              "resolved": "https://registry.npmjs.org/promzard/-/promzard-0.2.1.tgz"
            }
          }
        },
        "lockfile": {
          "version": "0.4.2",
          "from": "lockfile@0.4.2",
          "resolved": "https://registry.npmjs.org/lockfile/-/lockfile-0.4.2.tgz"
        },
        "lru-cache": {
          "version": "2.5.0",
          "from": "lru-cache@latest"
        },
        "minimatch": {
          "version": "0.2.14",
          "from": "minimatch@latest",
          "dependencies": {
            "sigmund": {
              "version": "1.0.0",
              "from": "sigmund@~1.0.0"
            }
          }
        },
        "mkdirp": {
          "version": "0.3.5",
          "from": "mkdirp@latest"
        },
        "node-gyp": {
          "version": "0.13.0",
          "from": "node-gyp@latest",
          "resolved": "https://registry.npmjs.org/node-gyp/-/node-gyp-0.13.0.tgz"
        },
        "nopt": {
          "version": "2.2.1",
          "from": "nopt@latest"
        },
        "npm-install-checks": {
          "version": "1.0.0",
          "from": "npm-install-checks@1.0.0",
          "resolved": "https://registry.npmjs.org/npm-install-checks/-/npm-install-checks-1.0.0.tgz"
        },
        "npm-registry-client": {
          "version": "0.4.8",
          "from": "npm-registry-client@~0.4.7"
        },
        "npm-user-validate": {
          "version": "0.0.3",
          "from": "npm-user-validate@0.0.3",
          "resolved": "https://registry.npmjs.org/npm-user-validate/-/npm-user-validate-0.0.3.tgz"
        },
        "npmconf": {
          "version": "0.1.15",
          "from": "npmconf@latest",
          "dependencies": {
            "config-chain": {
              "version": "1.1.8",
              "from": "config-chain@~1.1.8",
              "resolved": "https://registry.npmjs.org/config-chain/-/config-chain-1.1.8.tgz",
              "dependencies": {
                "proto-list": {
                  "version": "1.2.2",
                  "from": "proto-list@~1.2.1",
                  "resolved": "https://registry.npmjs.org/proto-list/-/proto-list-1.2.2.tgz"
                }
              }
            }
          }
        },
        "npmlog": {
          "version": "0.0.6",
          "from": "npmlog@latest"
        },
        "once": {
          "version": "1.3.0",
          "from": "once@latest"
        },
        "opener": {
          "version": "1.3.0",
          "from": "opener@latest"
        },
        "osenv": {
          "version": "0.0.3",
          "from": "osenv@latest"
        },
        "path-is-inside": {
          "version": "1.0.1",
          "from": "path-is-inside@1.0.1",
          "resolved": "https://registry.npmjs.org/path-is-inside/-/path-is-inside-1.0.1.tgz"
        },
        "read": {
          "version": "1.0.5",
          "from": "read@latest",
          "dependencies": {
            "mute-stream": {
              "version": "0.0.4",
              "from": "mute-stream@~0.0.4"
            }
          }
        },
        "read-installed": {
          "version": "2.0.2",
          "from": "read-installed@latest",
          "dependencies": {
            "util-extend": {
              "version": "1.0.1",
              "from": "util-extend@^1.0.1"
            }
          }
        },
        "read-package-json": {
          "version": "1.1.9",
          "from": "read-package-json@latest",
          "dependencies": {
            "normalize-package-data": {
              "version": "0.2.13",
              "from": "normalize-package-data@^0.2.13"
            }
          }
        },
        "request": {
          "version": "2.30.0",
          "from": "request@latest",
          "dependencies": {
            "qs": {
              "version": "0.6.6",
              "from": "qs@~0.6.0"
            },
            "json-stringify-safe": {
              "version": "5.0.0",
              "from": "json-stringify-safe@~5.0.0"
            },
            "forever-agent": {
              "version": "0.5.0",
              "from": "forever-agent@~0.5.0"
            },
            "node-uuid": {
              "version": "1.4.1",
              "from": "node-uuid@~1.4.0"
            },
            "mime": {
              "version": "1.2.11",
              "from": "mime@~1.2.9"
            },
            "tough-cookie": {
              "version": "0.9.15",
              "from": "tough-cookie@~0.9.15",
              "dependencies": {
                "punycode": {
                  "version": "1.2.3",
                  "from": "punycode@>=0.2.0"
                }
              }
            },
            "form-data": {
              "version": "0.1.2",
              "from": "form-data@~0.1.0",
              "dependencies": {
                "combined-stream": {
                  "version": "0.0.4",
                  "from": "combined-stream@~0.0.4",
                  "dependencies": {
                    "delayed-stream": {
                      "version": "0.0.5",
                      "from": "delayed-stream@0.0.5"
                    }
                  }
                },
                "async": {
                  "version": "0.2.9",
                  "from": "async@~0.2.9"
                }
              }
            },
            "tunnel-agent": {
              "version": "0.3.0",
              "from": "tunnel-agent@~0.3.0"
            },
            "http-signature": {
              "version": "0.10.0",
              "from": "http-signature@~0.10.0",
              "dependencies": {
                "assert-plus": {
                  "version": "0.1.2",
                  "from": "assert-plus@0.1.2"
                },
                "asn1": {
                  "version": "0.1.11",
                  "from": "asn1@0.1.11"
                },
                "ctype": {
                  "version": "0.5.2",
                  "from": "ctype@0.5.2"
                }
              }
            },
            "oauth-sign": {
              "version": "0.3.0",
              "from": "oauth-sign@~0.3.0"
            },
            "hawk": {
              "version": "1.0.0",
              "from": "hawk@~1.0.0",
              "dependencies": {
                "hoek": {
                  "version": "0.9.1",
                  "from": "hoek@0.9.x"
                },
                "boom": {
                  "version": "0.4.2",
                  "from": "boom@0.4.x"
                },
                "cryptiles": {
                  "version": "0.2.2",
                  "from": "cryptiles@0.2.x"
                },
                "sntp": {
                  "version": "0.2.4",
                  "from": "sntp@0.2.x"
                }
              }
            },
            "aws-sign2": {
              "version": "0.5.0",
              "from": "aws-sign2@~0.5.0"
            }
          }
        },
        "retry": {
          "version": "0.6.0",
          "from": "retry"
        },
        "rimraf": {
          "version": "2.2.6",
          "from": "rimraf@~2.2.5"
        },
        "semver": {
          "version": "2.2.1",
          "from": "semver@latest"
        },
        "sha": {
          "version": "1.2.3",
          "from": "sha@~1.2.1",
          "dependencies": {
            "readable-stream": {
              "version": "1.0.24",
              "from": "readable-stream@1.0"
            }
          }
        },
        "slide": {
          "version": "1.1.5",
          "from": "slide@latest"
        },
        "sorted-object": {
          "version": "1.0.0",
          "from": "sorted-object@"
        },
        "tar": {
          "version": "0.1.19",
          "from": "tar@0.1.19",
          "resolved": "https://registry.npmjs.org/tar/-/tar-0.1.19.tgz"
        },
        "text-table": {
          "version": "0.2.0",
          "from": "text-table@~0.2.0"
        },
        "uid-number": {
          "version": "0.0.5",
          "from": "uid-number@latest"
        },
        "which": {
          "version": "1.0.5",
          "from": "which@1"
        },
        "inherits": {
          "version": "2.0.1",
          "from": "inherits@"
        }
      }
    },
    "passport": {
      "version": "0.2.0",
      "from": "passport@~0.2.0",
      "dependencies": {
        "passport-strategy": {
          "version": "1.0.0",
          "from": "passport-strategy@1.x.x"
        },
        "pause": {
          "version": "0.0.1",
          "from": "pause@0.0.1"
        }
      }
    },
    "passport-local": {
      "version": "0.1.6",
      "from": "passport-local@0.1.6",
      "dependencies": {
        "pkginfo": {
          "version": "0.2.3",
          "from": "pkginfo@0.2.x"
        },
        "passport": {
          "version": "0.1.18",
          "from": "passport@~0.1.1",
          "dependencies": {
            "pause": {
              "version": "0.0.1",
              "from": "pause@0.0.1"
            }
          }
        }
      }
    },
    "prompt": {
      "version": "0.2.12",
      "from": "prompt@~0.2.11",
      "dependencies": {
        "pkginfo": {
          "version": "0.3.0",
          "from": "pkginfo@0.x.x"
        },
        "read": {
          "version": "1.0.5",
          "from": "read@1.0.x",
          "dependencies": {
            "mute-stream": {
              "version": "0.0.4",
              "from": "mute-stream@~0.0.4"
            }
          }
        },
        "revalidator": {
          "version": "0.1.7",
          "from": "revalidator@0.1.x"
        },
        "utile": {
          "version": "0.2.1",
          "from": "utile@0.2.x",
          "dependencies": {
            "deep-equal": {
              "version": "0.2.1",
              "from": "deep-equal@*"
            },
            "i": {
              "version": "0.3.2",
              "from": "i@0.3.x"
            },
            "ncp": {
              "version": "0.4.2",
              "from": "ncp@0.4.x"
            }
          }
        },
        "winston": {
          "version": "0.6.2",
          "from": "winston@0.6.x",
          "dependencies": {
            "async": {
              "version": "0.1.22",
              "from": "async@0.1.x"
            },
            "colors": {
              "version": "0.6.2",
              "from": "colors@0.x.x"
            },
            "cycle": {
              "version": "1.0.3",
              "from": "cycle@1.0.x"
            },
            "eyes": {
              "version": "0.1.8",
              "from": "eyes@0.1.x"
            },
            "pkginfo": {
              "version": "0.2.3",
              "from": "pkginfo@0.2.x"
            },
            "request": {
              "version": "2.9.203",
              "from": "request@2.9.x"
            },
            "stack-trace": {
              "version": "0.0.9",
              "from": "stack-trace@0.0.x"
            }
          }
        }
      }
    },
    "reds": {
      "version": "0.2.4",
      "from": "reds@~0.2.4",
      "dependencies": {
        "natural": {
          "version": "0.1.17",
          "from": "natural@0.1.17",
          "dependencies": {
            "sylvester": {
              "version": "0.0.21",
              "from": "sylvester@>= 0.0.12"
            },
            "apparatus": {
              "version": "0.0.8",
              "from": "apparatus@>= 0.0.6"
            }
          }
        },
        "redis": {
          "version": "0.7.2",
          "from": "redis@0.7.2",
          "dependencies": {
            "hiredis": {
              "version": "0.1.16",
              "from": "hiredis@*",
              "dependencies": {
                "bindings": {
                  "version": "1.2.0",
                  "from": "bindings@*"
                }
              }
            }
          }
        }
      }
    },
    "request": {
      "version": "2.34.0",
      "from": "request@~2.34.0",
      "dependencies": {
        "qs": {
          "version": "0.6.6",
          "from": "qs@~0.6.0"
        },
        "json-stringify-safe": {
          "version": "5.0.0",
          "from": "json-stringify-safe@~5.0.0"
        },
        "forever-agent": {
          "version": "0.5.2",
          "from": "forever-agent@~0.5.0"
        },
        "node-uuid": {
          "version": "1.4.1",
          "from": "node-uuid@~1.4.0"
        },
        "mime": {
          "version": "1.2.11",
          "from": "mime@~1.2.11"
        },
        "tough-cookie": {
          "version": "0.12.1",
          "from": "tough-cookie@>=0.12.0",
          "dependencies": {
            "punycode": {
              "version": "1.2.4",
              "from": "punycode@>=0.2.0"
            }
          }
        },
        "form-data": {
          "version": "0.1.2",
          "from": "form-data@~0.1.0",
          "dependencies": {
            "combined-stream": {
              "version": "0.0.4",
              "from": "combined-stream@~0.0.4",
              "dependencies": {
                "delayed-stream": {
                  "version": "0.0.5",
                  "from": "delayed-stream@0.0.5"
                }
              }
            }
          }
        },
        "tunnel-agent": {
          "version": "0.3.0",
          "from": "tunnel-agent@~0.3.0"
        },
        "http-signature": {
          "version": "0.10.0",
          "from": "http-signature@~0.10.0",
          "dependencies": {
            "assert-plus": {
              "version": "0.1.2",
              "from": "assert-plus@0.1.2"
            },
            "asn1": {
              "version": "0.1.11",
              "from": "asn1@0.1.11"
            },
            "ctype": {
              "version": "0.5.2",
              "from": "ctype@0.5.2"
            }
          }
        },
        "oauth-sign": {
          "version": "0.3.0",
          "from": "oauth-sign@~0.3.0"
        },
        "hawk": {
          "version": "1.0.0",
          "from": "hawk@~1.0.0",
          "dependencies": {
            "hoek": {
              "version": "0.9.1",
              "from": "hoek@0.9.x"
            },
            "boom": {
              "version": "0.4.2",
              "from": "boom@0.4.x"
            },
            "cryptiles": {
              "version": "0.2.2",
              "from": "cryptiles@0.2.x"
            },
            "sntp": {
              "version": "0.2.4",
              "from": "sntp@0.2.x"
            }
          }
        },
        "aws-sign2": {
          "version": "0.5.0",
          "from": "aws-sign2@~0.5.0"
        }
      }
    },
    "rimraf": {
      "version": "2.2.6",
      "from": "rimraf@~2.2.6"
    },
    "rss": {
      "version": "0.2.1",
      "from": "rss@~0.2.0",
      "dependencies": {
        "xml": {
          "version": "0.0.12",
          "from": "xml@~0.0.4"
        },
        "mime": {
          "version": "1.2.11",
          "from": "mime@~1.2.11"
        }
      }
    },
    "semver": {
      "version": "2.2.1",
      "from": "semver@~2.2.1"
    },
    "sitemap": {
      "version": "0.7.2",
      "from": "sitemap@~0.7.1"
    },
    "socket.io": {
      "version": "0.9.16",
      "from": "socket.io@~0.9.16",
      "dependencies": {
        "socket.io-client": {
          "version": "0.9.16",
          "from": "socket.io-client@0.9.16",
          "dependencies": {
            "uglify-js": {
              "version": "1.2.5",
              "from": "uglify-js@1.2.5"
            },
            "ws": {
              "version": "0.4.31",
              "from": "ws@0.4.x",
              "dependencies": {
                "commander": {
                  "version": "0.6.1",
                  "from": "commander@~0.6.1"
                },
                "nan": {
                  "version": "0.3.2",
                  "from": "nan@~0.3.0"
                },
                "tinycolor": {
                  "version": "0.0.1",
                  "from": "tinycolor@0.x"
                },
                "options": {
                  "version": "0.0.5",
                  "from": "options@>=0.0.5"
                }
              }
            },
            "xmlhttprequest": {
              "version": "1.4.2",
              "from": "xmlhttprequest@1.4.2"
            },
            "active-x-obfuscator": {
              "version": "0.0.1",
              "from": "active-x-obfuscator@0.0.1",
              "dependencies": {
                "zeparser": {
                  "version": "0.0.5",
                  "from": "zeparser@0.0.5"
                }
              }
            }
          }
        },
        "policyfile": {
          "version": "0.0.4",
          "from": "policyfile@0.0.4"
        },
        "base64id": {
          "version": "0.1.0",
          "from": "base64id@0.1.0"
        },
        "redis": {
          "version": "0.7.3",
          "from": "redis@0.7.3"
        }
      }
    },
    "socket.io-wildcard": {
      "version": "0.1.1",
      "from": "socket.io-wildcard@~0.1.1"
    },
    "string": {
      "version": "1.7.0",
      "from": "string@~1.7.0"
    },
    "uglify-js": {
      "version": "2.4.13",
      "from": "uglify-js@~2.4.0",
      "dependencies": {
        "source-map": {
          "version": "0.1.33",
          "from": "source-map@~0.1.33",
          "dependencies": {
            "amdefine": {
              "version": "0.1.0",
              "from": "amdefine@>=0.0.4"
            }
          }
        },
        "optimist": {
          "version": "0.3.7",
          "from": "optimist@~0.3.5",
          "dependencies": {
            "wordwrap": {
              "version": "0.0.2",
              "from": "wordwrap@~0.0.2"
            }
          }
        },
        "uglify-to-browserify": {
          "version": "1.0.2",
          "from": "uglify-to-browserify@~1.0.0"
        }
      }
    },
    "underscore": {
      "version": "1.6.0",
      "from": "underscore@~1.6.0"
    },
    "validator": {
      "version": "3.4.0",
      "from": "validator@~3.4.0"
    },
    "winston": {
      "version": "0.7.3",
      "from": "winston@~0.7.2",
      "dependencies": {
        "colors": {
          "version": "0.6.2",
          "from": "colors@0.6.x"
        },
        "cycle": {
          "version": "1.0.3",
          "from": "cycle@1.0.x"
        },
        "eyes": {
          "version": "0.1.8",
          "from": "eyes@0.1.x"
        },
        "pkginfo": {
          "version": "0.3.0",
          "from": "pkginfo@0.3.x"
        },
        "request": {
          "version": "2.16.6",
          "from": "request@2.16.x",
          "dependencies": {
            "form-data": {
              "version": "0.0.10",
              "from": "form-data@~0.0.3",
              "dependencies": {
                "combined-stream": {
                  "version": "0.0.4",
                  "from": "combined-stream@~0.0.4",
                  "dependencies": {
                    "delayed-stream": {
                      "version": "0.0.5",
                      "from": "delayed-stream@0.0.5"
                    }
                  }
                }
              }
            },
            "mime": {
              "version": "1.2.11",
              "from": "mime@~1.2.7"
            },
            "hawk": {
              "version": "0.10.2",
              "from": "hawk@~0.10.2",
              "dependencies": {
                "hoek": {
                  "version": "0.7.6",
                  "from": "hoek@0.7.x"
                },
                "boom": {
                  "version": "0.3.8",
                  "from": "boom@0.3.x"
                },
                "cryptiles": {
                  "version": "0.1.3",
                  "from": "cryptiles@0.1.x"
                },
                "sntp": {
                  "version": "0.1.4",
                  "from": "sntp@0.1.x"
                }
              }
            },
            "node-uuid": {
              "version": "1.4.1",
              "from": "node-uuid@~1.4.0"
            },
            "cookie-jar": {
              "version": "0.2.0",
              "from": "cookie-jar@~0.2.0"
            },
            "aws-sign": {
              "version": "0.2.0",
              "from": "aws-sign@~0.2.0"
            },
            "oauth-sign": {
              "version": "0.2.0",
              "from": "oauth-sign@~0.2.0"
            },
            "forever-agent": {
              "version": "0.2.0",
              "from": "forever-agent@~0.2.0"
            },
            "tunnel-agent": {
              "version": "0.2.0",
              "from": "tunnel-agent@~0.2.0"
            },
            "json-stringify-safe": {
              "version": "3.0.0",
              "from": "json-stringify-safe@~3.0.0"
            },
            "qs": {
              "version": "0.5.6",
              "from": "qs@~0.5.4"
            }
          }
        },
        "stack-trace": {
          "version": "0.0.9",
          "from": "stack-trace@0.0.x"
        }
      }
    },
    "xregexp": {
      "version": "2.0.0",
      "from": "xregexp@~2.0.0"
    }
  }
}
