dependencies:
- name: redis
  repository: https://charts.bitnami.com/bitnami
  version: 18.4.0
- name: mongodb
  repository: https://charts.bitnami.com/bitnami
  version: 14.3.1
- name: postgresql
  repository: https://charts.bitnami.com/bitnami
  version: 13.2.18
digest: sha256:5a9ae77a9f6e38fa22bbaad671b91dd1ce65a36faf124b0d0e07aa2ff1afd2d3
generated: "2023-11-27T21:48:02.7691024+08:00"
